// !$*UTF8*$!
{
	archiveVersion = 1;
	classes = {
	};
	objectVersion = 56;
	objects = {

/* Begin PBXBuildFile section */
		6D1AD9292DD7BAD200BFF0DE /* InfoView.swift in Sources */ = {isa = PBXBuildFile; fileRef = 6D1AD9282DD7BAD200BFF0DE /* InfoView.swift */; };
		6D1AD92B2E03A9A100BFF0DE /* MPVPlayerView.swift in Sources */ = {isa = PBXBuildFile; fileRef = 6D1AD92A2E03A9A100BFF0DE /* MPVPlayerView.swift */; };
		6D1AD92E2E03D33A00BFF0DE /* MPVOpenGLBridge.c in Sources */ = {isa = PBXBuildFile; fileRef = 6D1AD92D2E03D33A00BFF0DE /* MPVOpenGLBridge.c */; };
		6D1AD9322E15B00000BFF0DE /* InteractivePopGestureEnabler.swift in Sources */ = {isa = PBXBuildFile; fileRef = 6D1AD9312E15B00000BFF0DE /* InteractivePopGestureEnabler.swift */; };
		6D2872012E034A0000B5D7A1 /* LocalAddonStore.swift in Sources */ = {isa = PBXBuildFile; fileRef = 6D2872002E034A0000B5D7A1 /* LocalAddonStore.swift */; };
		6D2872032E034A0100B5D7A1 /* StremioStreamClient.swift in Sources */ = {isa = PBXBuildFile; fileRef = 6D2872022E034A0100B5D7A1 /* StremioStreamClient.swift */; };
		6D2872072E034A0200B5D7A1 /* StremioSubtitleClient.swift in Sources */ = {isa = PBXBuildFile; fileRef = 6D2872062E034A0200B5D7A1 /* StremioSubtitleClient.swift */; };
		6D2872092E034A0300B5D7A1 /* SubtitlePreferencesStore.swift in Sources */ = {isa = PBXBuildFile; fileRef = 6D2872082E034A0300B5D7A1 /* SubtitlePreferencesStore.swift */; };
		6D28720B2E05A00000B5D7A1 /* CollectionStore.swift in Sources */ = {isa = PBXBuildFile; fileRef = 6D28720A2E05A00000B5D7A1 /* CollectionStore.swift */; };
		6D28720D2E08100000B5D7A1 /* EpisodeWatchStore.swift in Sources */ = {isa = PBXBuildFile; fileRef = 6D28720C2E08100000B5D7A1 /* EpisodeWatchStore.swift */; };
		6D28720F2E08100100B5D7A1 /* PlaybackProgressStore.swift in Sources */ = {isa = PBXBuildFile; fileRef = 6D28720E2E08100100B5D7A1 /* PlaybackProgressStore.swift */; };
		6D341C2F2DD0782E0072A85D /* Sidebar.swift in Sources */ = {isa = PBXBuildFile; fileRef = 6D341C2E2DD0782E0072A85D /* Sidebar.swift */; };
		6D5648112DD0F57D003D7144 /* SearchView.swift in Sources */ = {isa = PBXBuildFile; fileRef = 6D56480F2DD0F57D003D7144 /* SearchView.swift */; };
		6D5648122DD0F57D003D7144 /* CollectionsView.swift in Sources */ = {isa = PBXBuildFile; fileRef = 6D5648102DD0F57D003D7144 /* CollectionsView.swift */; };
		6D5648152DD105F8003D7144 /* MoviesView.swift in Sources */ = {isa = PBXBuildFile; fileRef = 6D5648132DD105F8003D7144 /* MoviesView.swift */; };
		6D5648162DD105F8003D7144 /* SeriesView.swift in Sources */ = {isa = PBXBuildFile; fileRef = 6D5648142DD105F8003D7144 /* SeriesView.swift */; };
		6D77A0022E16000000B5D7A1 /* NativePlaybackCompatibility.swift in Sources */ = {isa = PBXBuildFile; fileRef = 6D77A0012E16000000B5D7A1 /* NativePlaybackCompatibility.swift */; };
		6D9055192DCE3D490023DEAE /* OrzenApp.swift in Sources */ = {isa = PBXBuildFile; fileRef = 6D9055182DCE3D490023DEAE /* OrzenApp.swift */; };
		6D90551B2DCE3D490023DEAE /* ContentView.swift in Sources */ = {isa = PBXBuildFile; fileRef = 6D90551A2DCE3D490023DEAE /* ContentView.swift */; };
		6D90553A2E1450010023DEAE /* iPhoneRootShell.swift in Sources */ = {isa = PBXBuildFile; fileRef = 6D9055392E1450010023DEAE /* iPhoneRootShell.swift */; };
		6D90551D2DCE3D4D0023DEAE /* Assets.xcassets in Resources */ = {isa = PBXBuildFile; fileRef = 6D90551C2DCE3D4D0023DEAE /* Assets.xcassets */; };
		6D9055202DCE3D4D0023DEAE /* Preview Assets.xcassets in Resources */ = {isa = PBXBuildFile; fileRef = 6D90551F2DCE3D4D0023DEAE /* Preview Assets.xcassets */; };
		6D90552A2DCE3FCF0023DEAE /* CatalogData.swift in Sources */ = {isa = PBXBuildFile; fileRef = 6D9055272DCE3FCF0023DEAE /* CatalogData.swift */; };
		6D90552B2DCE3FCF0023DEAE /* CatalogItem.swift in Sources */ = {isa = PBXBuildFile; fileRef = 6D9055282DCE3FCF0023DEAE /* CatalogItem.swift */; };
		6D90552C2DCE3FCF0023DEAE /* CatalogCardView.swift in Sources */ = {isa = PBXBuildFile; fileRef = 6D9055292DCE3FCF0023DEAE /* CatalogCardView.swift */; };
		6D9055302DCE548B0023DEAE /* FeaturedCarousel.swift in Sources */ = {isa = PBXBuildFile; fileRef = 6D90552F2DCE548B0023DEAE /* FeaturedCarousel.swift */; };
		6D9055322DCE56660023DEAE /* CatalogSection.swift in Sources */ = {isa = PBXBuildFile; fileRef = 6D9055312DCE56650023DEAE /* CatalogSection.swift */; };
		6D938E892DD4C3240048DEB4 /* CollectionDetailView.swift in Sources */ = {isa = PBXBuildFile; fileRef = 6D938E882DD4C3240048DEB4 /* CollectionDetailView.swift */; };
		6DAA10012E04000000B5D7A1 /* AddonsView.swift in Sources */ = {isa = PBXBuildFile; fileRef = 6DAA20012E04000000B5D7A1 /* AddonsView.swift */; };
		6DAA10022E04000000B5D7A1 /* HomeView.swift in Sources */ = {isa = PBXBuildFile; fileRef = 6DAA20022E04000000B5D7A1 /* HomeView.swift */; };
		6DAA10032E04000000B5D7A1 /* HomeCatalogStore.swift in Sources */ = {isa = PBXBuildFile; fileRef = 6DAA20032E04000000B5D7A1 /* HomeCatalogStore.swift */; };
		6DAA10042E04000000B5D7A1 /* CinemetaCatalogView.swift in Sources */ = {isa = PBXBuildFile; fileRef = 6DAA20042E04000000B5D7A1 /* CinemetaCatalogView.swift */; };
		6DAA10052E04000000B5D7A1 /* CatalogFilterButton.swift in Sources */ = {isa = PBXBuildFile; fileRef = 6DAA20052E04000000B5D7A1 /* CatalogFilterButton.swift */; };
		6DAA10062E04000000B5D7A1 /* CatalogPosterCard.swift in Sources */ = {isa = PBXBuildFile; fileRef = 6DAA20062E04000000B5D7A1 /* CatalogPosterCard.swift */; };
		6DAA10072E04000000B5D7A1 /* CinemetaCatalogPresets.swift in Sources */ = {isa = PBXBuildFile; fileRef = 6DAA20072E04000000B5D7A1 /* CinemetaCatalogPresets.swift */; };
		6DAA10082E04000000B5D7A1 /* CinemetaCatalogStore.swift in Sources */ = {isa = PBXBuildFile; fileRef = 6DAA20082E04000000B5D7A1 /* CinemetaCatalogStore.swift */; };
		6DAA10092E04000000B5D7A1 /* DetailUnavailableView.swift in Sources */ = {isa = PBXBuildFile; fileRef = 6DAA20092E04000000B5D7A1 /* DetailUnavailableView.swift */; };
		6DAA100A2E04000000B5D7A1 /* EpisodeRow.swift in Sources */ = {isa = PBXBuildFile; fileRef = 6DAA200A2E04000000B5D7A1 /* EpisodeRow.swift */; };
		6DAA100B2E04000000B5D7A1 /* SeasonButton.swift in Sources */ = {isa = PBXBuildFile; fileRef = 6DAA200B2E04000000B5D7A1 /* SeasonButton.swift */; };
		6DAA100C2E04000000B5D7A1 /* SourceRow.swift in Sources */ = {isa = PBXBuildFile; fileRef = 6DAA200C2E04000000B5D7A1 /* SourceRow.swift */; };
		6DAA100D2E04000000B5D7A1 /* StreamPlaybackStore.swift in Sources */ = {isa = PBXBuildFile; fileRef = 6DAA200D2E04000000B5D7A1 /* StreamPlaybackStore.swift */; };
		6DAA100E2E04000000B5D7A1 /* StreamPlaybackObserver.swift in Sources */ = {isa = PBXBuildFile; fileRef = 6DAA200E2E04000000B5D7A1 /* StreamPlaybackObserver.swift */; };
		6DAA100F2E04000000B5D7A1 /* StreamPlayerView.swift in Sources */ = {isa = PBXBuildFile; fileRef = 6DAA200F2E04000000B5D7A1 /* StreamPlayerView.swift */; };
		6DAA10102E04000000B5D7A1 /* StreamPlayerChrome.swift in Sources */ = {isa = PBXBuildFile; fileRef = 6DAA20102E04000000B5D7A1 /* StreamPlayerChrome.swift */; };
		6DAA10112E04000000B5D7A1 /* NativePlayerView.swift in Sources */ = {isa = PBXBuildFile; fileRef = 6DAA20112E04000000B5D7A1 /* NativePlayerView.swift */; };
		6DAA10122E04000000B5D7A1 /* PlaybackKeyboardShortcutView.swift in Sources */ = {isa = PBXBuildFile; fileRef = 6DAA20122E04000000B5D7A1 /* PlaybackKeyboardShortcutView.swift */; };
		6DAA10132E04000000B5D7A1 /* InfoHeroView.swift in Sources */ = {isa = PBXBuildFile; fileRef = 6DAA20132E04000000B5D7A1 /* InfoHeroView.swift */; };
		6DAA10142E04000000B5D7A1 /* NativePlayerTrackResolver.swift in Sources */ = {isa = PBXBuildFile; fileRef = 6DAA20142E04000000B5D7A1 /* NativePlayerTrackResolver.swift */; };
		6DAA10152E04000000B5D7A1 /* StreamPlayerChromeVisibilityController.swift in Sources */ = {isa = PBXBuildFile; fileRef = 6DAA20152E04000000B5D7A1 /* StreamPlayerChromeVisibilityController.swift */; };
		6DAA10162E04000000B5D7A1 /* StreamPlayerKeyboardControls.swift in Sources */ = {isa = PBXBuildFile; fileRef = 6DAA20162E04000000B5D7A1 /* StreamPlayerKeyboardControls.swift */; };
		6DAA10172E04000000B5D7A1 /* SourceFilterPicker.swift in Sources */ = {isa = PBXBuildFile; fileRef = 6DAA20172E04000000B5D7A1 /* SourceFilterPicker.swift */; };
		6DAA10182E04000000B5D7A1 /* CatalogItemContextMenu.swift in Sources */ = {isa = PBXBuildFile; fileRef = 6DAA20182E04000000B5D7A1 /* CatalogItemContextMenu.swift */; };
		6DAA10192E10000000B5D7A1 /* StreamPlayerNextEpisodeBanner.swift in Sources */ = {isa = PBXBuildFile; fileRef = 6DAA20192E10000000B5D7A1 /* StreamPlayerNextEpisodeBanner.swift */; };
		6DAA101A2E10000000B5D7A1 /* PlayerFlatSlider.swift in Sources */ = {isa = PBXBuildFile; fileRef = 6DAA201A2E10000000B5D7A1 /* PlayerFlatSlider.swift */; };
		6DAA101B2E10000000B5D7A1 /* PlayerIconButton.swift in Sources */ = {isa = PBXBuildFile; fileRef = 6DAA201B2E10000000B5D7A1 /* PlayerIconButton.swift */; };
		6DAA101C2E10000000B5D7A1 /* PlayerTrackMenu.swift in Sources */ = {isa = PBXBuildFile; fileRef = 6DAA201C2E10000000B5D7A1 /* PlayerTrackMenu.swift */; };
		6DBEEF022E04A00000B5D7A1 /* ProfileSelectionView.swift in Sources */ = {isa = PBXBuildFile; fileRef = 6DBEEF012E04A00000B5D7A1 /* ProfileSelectionView.swift */; };
		6DC0DE012E09000000B5D7A1 /* CinemetaClient.swift in Sources */ = {isa = PBXBuildFile; fileRef = 6DC0DE002E09000000B5D7A1 /* CinemetaClient.swift */; };
		6DC0DE032E09000000B5D7A1 /* CatalogItemCollectionActions.swift in Sources */ = {isa = PBXBuildFile; fileRef = 6DC0DE022E09000000B5D7A1 /* CatalogItemCollectionActions.swift */; };
		6DC0DE052E09000000B5D7A1 /* InfoViewModel.swift in Sources */ = {isa = PBXBuildFile; fileRef = 6DC0DE042E09000000B5D7A1 /* InfoViewModel.swift */; };
		6DC0DE072E09000000B5D7A1 /* PlayerMediaTrack.swift in Sources */ = {isa = PBXBuildFile; fileRef = 6DC0DE062E09000000B5D7A1 /* PlayerMediaTrack.swift */; };
		6DC0DE092E09000000B5D7A1 /* MPVPlaybackController.swift in Sources */ = {isa = PBXBuildFile; fileRef = 6DC0DE082E09000000B5D7A1 /* MPVPlaybackController.swift */; };
		6DC0DE0B2E09000000B5D7A1 /* StreamSourceResolver.swift in Sources */ = {isa = PBXBuildFile; fileRef = 6DC0DE0A2E09000000B5D7A1 /* StreamSourceResolver.swift */; };
		6DC0DE0D2E09000000B5D7A1 /* ExternalSubtitleResolver.swift in Sources */ = {isa = PBXBuildFile; fileRef = 6DC0DE0C2E09000000B5D7A1 /* ExternalSubtitleResolver.swift */; };
		6DF00D022E0A00000B5D7A1 /* StreamPlayerEpisodeSidebar.swift in Sources */ = {isa = PBXBuildFile; fileRef = 6DF00D012E0A00000B5D7A1 /* StreamPlayerEpisodeSidebar.swift */; };
		6DF00D042E0A00000B5D7A1 /* StreamPlayerEpisodeSidebarRows.swift in Sources */ = {isa = PBXBuildFile; fileRef = 6DF00D032E0A00000B5D7A1 /* StreamPlayerEpisodeSidebarRows.swift */; };
/* End PBXBuildFile section */

/* Begin PBXFileReference section */
		6D1AD9282DD7BAD200BFF0DE /* InfoView.swift */ = {isa = PBXFileReference; fileEncoding = 4; lastKnownFileType = sourcecode.swift; path = InfoView.swift; sourceTree = "<group>"; };
		6D1AD92A2E03A9A100BFF0DE /* MPVPlayerView.swift */ = {isa = PBXFileReference; fileEncoding = 4; lastKnownFileType = sourcecode.swift; path = MPVPlayerView.swift; sourceTree = "<group>"; };
		6D1AD92C2E03D33A00BFF0DE /* Orzen-Bridging-Header.h */ = {isa = PBXFileReference; fileEncoding = 4; lastKnownFileType = sourcecode.c.h; path = "Orzen-Bridging-Header.h"; sourceTree = "<group>"; };
		6D1AD92D2E03D33A00BFF0DE /* MPVOpenGLBridge.c */ = {isa = PBXFileReference; fileEncoding = 4; lastKnownFileType = sourcecode.c.c; path = MPVOpenGLBridge.c; sourceTree = "<group>"; };
		6D1AD9312E15B00000BFF0DE /* InteractivePopGestureEnabler.swift */ = {isa = PBXFileReference; fileEncoding = 4; lastKnownFileType = sourcecode.swift; path = InteractivePopGestureEnabler.swift; sourceTree = "<group>"; };
		6D2872002E034A0000B5D7A1 /* LocalAddonStore.swift */ = {isa = PBXFileReference; fileEncoding = 4; lastKnownFileType = sourcecode.swift; path = LocalAddonStore.swift; sourceTree = "<group>"; };
		6D2872022E034A0100B5D7A1 /* StremioStreamClient.swift */ = {isa = PBXFileReference; fileEncoding = 4; lastKnownFileType = sourcecode.swift; path = StremioStreamClient.swift; sourceTree = "<group>"; };
		6D2872062E034A0200B5D7A1 /* StremioSubtitleClient.swift */ = {isa = PBXFileReference; fileEncoding = 4; lastKnownFileType = sourcecode.swift; path = StremioSubtitleClient.swift; sourceTree = "<group>"; };
		6D2872082E034A0300B5D7A1 /* SubtitlePreferencesStore.swift */ = {isa = PBXFileReference; fileEncoding = 4; lastKnownFileType = sourcecode.swift; path = SubtitlePreferencesStore.swift; sourceTree = "<group>"; };
		6D28720A2E05A00000B5D7A1 /* CollectionStore.swift */ = {isa = PBXFileReference; fileEncoding = 4; lastKnownFileType = sourcecode.swift; path = CollectionStore.swift; sourceTree = "<group>"; };
		6D28720C2E08100000B5D7A1 /* EpisodeWatchStore.swift */ = {isa = PBXFileReference; fileEncoding = 4; lastKnownFileType = sourcecode.swift; path = EpisodeWatchStore.swift; sourceTree = "<group>"; };
		6D28720E2E08100100B5D7A1 /* PlaybackProgressStore.swift */ = {isa = PBXFileReference; fileEncoding = 4; lastKnownFileType = sourcecode.swift; path = PlaybackProgressStore.swift; sourceTree = "<group>"; };
		6D341C2E2DD0782E0072A85D /* Sidebar.swift */ = {isa = PBXFileReference; lastKnownFileType = sourcecode.swift; path = Sidebar.swift; sourceTree = "<group>"; };
		6D56480F2DD0F57D003D7144 /* SearchView.swift */ = {isa = PBXFileReference; fileEncoding = 4; lastKnownFileType = sourcecode.swift; path = SearchView.swift; sourceTree = "<group>"; };
		6D5648102DD0F57D003D7144 /* CollectionsView.swift */ = {isa = PBXFileReference; fileEncoding = 4; lastKnownFileType = sourcecode.swift; path = CollectionsView.swift; sourceTree = "<group>"; };
		6D5648132DD105F8003D7144 /* MoviesView.swift */ = {isa = PBXFileReference; fileEncoding = 4; lastKnownFileType = sourcecode.swift; path = MoviesView.swift; sourceTree = "<group>"; };
		6D5648142DD105F8003D7144 /* SeriesView.swift */ = {isa = PBXFileReference; fileEncoding = 4; lastKnownFileType = sourcecode.swift; path = SeriesView.swift; sourceTree = "<group>"; };
		6D77A0012E16000000B5D7A1 /* NativePlaybackCompatibility.swift */ = {isa = PBXFileReference; fileEncoding = 4; lastKnownFileType = sourcecode.swift; path = NativePlaybackCompatibility.swift; sourceTree = "<group>"; };
		6D9055152DCE3D490023DEAE /* Orzen.app */ = {isa = PBXFileReference; explicitFileType = wrapper.application; includeInIndex = 0; path = Orzen.app; sourceTree = BUILT_PRODUCTS_DIR; };
		6D9055182DCE3D490023DEAE /* OrzenApp.swift */ = {isa = PBXFileReference; lastKnownFileType = sourcecode.swift; path = OrzenApp.swift; sourceTree = "<group>"; };
		6D90551A2DCE3D490023DEAE /* ContentView.swift */ = {isa = PBXFileReference; lastKnownFileType = sourcecode.swift; path = ContentView.swift; sourceTree = "<group>"; };
		6D9055392E1450010023DEAE /* iPhoneRootShell.swift */ = {isa = PBXFileReference; lastKnownFileType = sourcecode.swift; path = iPhoneRootShell.swift; sourceTree = "<group>"; };
		6D90551C2DCE3D4D0023DEAE /* Assets.xcassets */ = {isa = PBXFileReference; lastKnownFileType = folder.assetcatalog; path = Assets.xcassets; sourceTree = "<group>"; };
		6D90551F2DCE3D4D0023DEAE /* Preview Assets.xcassets */ = {isa = PBXFileReference; lastKnownFileType = folder.assetcatalog; path = "Preview Assets.xcassets"; sourceTree = "<group>"; };
		6D9055212DCE3D4D0023DEAE /* Orzen.entitlements */ = {isa = PBXFileReference; lastKnownFileType = text.plist.entitlements; path = Orzen.entitlements; sourceTree = "<group>"; };
		6D9055272DCE3FCF0023DEAE /* CatalogData.swift */ = {isa = PBXFileReference; fileEncoding = 4; lastKnownFileType = sourcecode.swift; path = CatalogData.swift; sourceTree = "<group>"; };
		6D9055282DCE3FCF0023DEAE /* CatalogItem.swift */ = {isa = PBXFileReference; fileEncoding = 4; lastKnownFileType = sourcecode.swift; path = CatalogItem.swift; sourceTree = "<group>"; };
		6D9055292DCE3FCF0023DEAE /* CatalogCardView.swift */ = {isa = PBXFileReference; fileEncoding = 4; lastKnownFileType = sourcecode.swift; path = CatalogCardView.swift; sourceTree = "<group>"; };
		6D90552F2DCE548B0023DEAE /* FeaturedCarousel.swift */ = {isa = PBXFileReference; fileEncoding = 4; lastKnownFileType = sourcecode.swift; path = FeaturedCarousel.swift; sourceTree = "<group>"; };
		6D9055312DCE56650023DEAE /* CatalogSection.swift */ = {isa = PBXFileReference; fileEncoding = 4; lastKnownFileType = sourcecode.swift; path = CatalogSection.swift; sourceTree = "<group>"; };
		6D938E882DD4C3240048DEB4 /* CollectionDetailView.swift */ = {isa = PBXFileReference; fileEncoding = 4; lastKnownFileType = sourcecode.swift; path = CollectionDetailView.swift; sourceTree = "<group>"; };
		6DAA20012E04000000B5D7A1 /* AddonsView.swift */ = {isa = PBXFileReference; fileEncoding = 4; lastKnownFileType = sourcecode.swift; path = AddonsView.swift; sourceTree = "<group>"; };
		6DAA20022E04000000B5D7A1 /* HomeView.swift */ = {isa = PBXFileReference; fileEncoding = 4; lastKnownFileType = sourcecode.swift; path = HomeView.swift; sourceTree = "<group>"; };
		6DAA20032E04000000B5D7A1 /* HomeCatalogStore.swift */ = {isa = PBXFileReference; fileEncoding = 4; lastKnownFileType = sourcecode.swift; path = HomeCatalogStore.swift; sourceTree = "<group>"; };
		6DAA20042E04000000B5D7A1 /* CinemetaCatalogView.swift */ = {isa = PBXFileReference; fileEncoding = 4; lastKnownFileType = sourcecode.swift; path = CinemetaCatalogView.swift; sourceTree = "<group>"; };
		6DAA20052E04000000B5D7A1 /* CatalogFilterButton.swift */ = {isa = PBXFileReference; fileEncoding = 4; lastKnownFileType = sourcecode.swift; path = CatalogFilterButton.swift; sourceTree = "<group>"; };
		6DAA20062E04000000B5D7A1 /* CatalogPosterCard.swift */ = {isa = PBXFileReference; fileEncoding = 4; lastKnownFileType = sourcecode.swift; path = CatalogPosterCard.swift; sourceTree = "<group>"; };
		6DAA20072E04000000B5D7A1 /* CinemetaCatalogPresets.swift */ = {isa = PBXFileReference; fileEncoding = 4; lastKnownFileType = sourcecode.swift; path = CinemetaCatalogPresets.swift; sourceTree = "<group>"; };
		6DAA20082E04000000B5D7A1 /* CinemetaCatalogStore.swift */ = {isa = PBXFileReference; fileEncoding = 4; lastKnownFileType = sourcecode.swift; path = CinemetaCatalogStore.swift; sourceTree = "<group>"; };
		6DAA20092E04000000B5D7A1 /* DetailUnavailableView.swift */ = {isa = PBXFileReference; fileEncoding = 4; lastKnownFileType = sourcecode.swift; path = DetailUnavailableView.swift; sourceTree = "<group>"; };
		6DAA200A2E04000000B5D7A1 /* EpisodeRow.swift */ = {isa = PBXFileReference; fileEncoding = 4; lastKnownFileType = sourcecode.swift; path = EpisodeRow.swift; sourceTree = "<group>"; };
		6DAA200B2E04000000B5D7A1 /* SeasonButton.swift */ = {isa = PBXFileReference; fileEncoding = 4; lastKnownFileType = sourcecode.swift; path = SeasonButton.swift; sourceTree = "<group>"; };
		6DAA200C2E04000000B5D7A1 /* SourceRow.swift */ = {isa = PBXFileReference; fileEncoding = 4; lastKnownFileType = sourcecode.swift; path = SourceRow.swift; sourceTree = "<group>"; };
		6DAA200D2E04000000B5D7A1 /* StreamPlaybackStore.swift */ = {isa = PBXFileReference; fileEncoding = 4; lastKnownFileType = sourcecode.swift; path = StreamPlaybackStore.swift; sourceTree = "<group>"; };
		6DAA200E2E04000000B5D7A1 /* StreamPlaybackObserver.swift */ = {isa = PBXFileReference; fileEncoding = 4; lastKnownFileType = sourcecode.swift; path = StreamPlaybackObserver.swift; sourceTree = "<group>"; };
		6DAA200F2E04000000B5D7A1 /* StreamPlayerView.swift */ = {isa = PBXFileReference; fileEncoding = 4; lastKnownFileType = sourcecode.swift; path = StreamPlayerView.swift; sourceTree = "<group>"; };
		6DAA20102E04000000B5D7A1 /* StreamPlayerChrome.swift */ = {isa = PBXFileReference; fileEncoding = 4; lastKnownFileType = sourcecode.swift; path = StreamPlayerChrome.swift; sourceTree = "<group>"; };
		6DAA20112E04000000B5D7A1 /* NativePlayerView.swift */ = {isa = PBXFileReference; fileEncoding = 4; lastKnownFileType = sourcecode.swift; path = NativePlayerView.swift; sourceTree = "<group>"; };
		6DAA20122E04000000B5D7A1 /* PlaybackKeyboardShortcutView.swift */ = {isa = PBXFileReference; fileEncoding = 4; lastKnownFileType = sourcecode.swift; path = PlaybackKeyboardShortcutView.swift; sourceTree = "<group>"; };
		6DAA20132E04000000B5D7A1 /* InfoHeroView.swift */ = {isa = PBXFileReference; fileEncoding = 4; lastKnownFileType = sourcecode.swift; path = InfoHeroView.swift; sourceTree = "<group>"; };
		6DAA20142E04000000B5D7A1 /* NativePlayerTrackResolver.swift */ = {isa = PBXFileReference; fileEncoding = 4; lastKnownFileType = sourcecode.swift; path = NativePlayerTrackResolver.swift; sourceTree = "<group>"; };
		6DAA20152E04000000B5D7A1 /* StreamPlayerChromeVisibilityController.swift */ = {isa = PBXFileReference; fileEncoding = 4; lastKnownFileType = sourcecode.swift; path = StreamPlayerChromeVisibilityController.swift; sourceTree = "<group>"; };
		6DAA20162E04000000B5D7A1 /* StreamPlayerKeyboardControls.swift */ = {isa = PBXFileReference; fileEncoding = 4; lastKnownFileType = sourcecode.swift; path = StreamPlayerKeyboardControls.swift; sourceTree = "<group>"; };
		6DAA20172E04000000B5D7A1 /* SourceFilterPicker.swift */ = {isa = PBXFileReference; fileEncoding = 4; lastKnownFileType = sourcecode.swift; path = SourceFilterPicker.swift; sourceTree = "<group>"; };
		6DAA20182E04000000B5D7A1 /* CatalogItemContextMenu.swift */ = {isa = PBXFileReference; fileEncoding = 4; lastKnownFileType = sourcecode.swift; path = CatalogItemContextMenu.swift; sourceTree = "<group>"; };
		6DAA20192E10000000B5D7A1 /* StreamPlayerNextEpisodeBanner.swift */ = {isa = PBXFileReference; fileEncoding = 4; lastKnownFileType = sourcecode.swift; path = StreamPlayerNextEpisodeBanner.swift; sourceTree = "<group>"; };
		6DAA201A2E10000000B5D7A1 /* PlayerFlatSlider.swift */ = {isa = PBXFileReference; fileEncoding = 4; lastKnownFileType = sourcecode.swift; path = PlayerFlatSlider.swift; sourceTree = "<group>"; };
		6DAA201B2E10000000B5D7A1 /* PlayerIconButton.swift */ = {isa = PBXFileReference; fileEncoding = 4; lastKnownFileType = sourcecode.swift; path = PlayerIconButton.swift; sourceTree = "<group>"; };
		6DAA201C2E10000000B5D7A1 /* PlayerTrackMenu.swift */ = {isa = PBXFileReference; fileEncoding = 4; lastKnownFileType = sourcecode.swift; path = PlayerTrackMenu.swift; sourceTree = "<group>"; };
		6DBEEF012E04A00000B5D7A1 /* ProfileSelectionView.swift */ = {isa = PBXFileReference; fileEncoding = 4; lastKnownFileType = sourcecode.swift; path = ProfileSelectionView.swift; sourceTree = "<group>"; };
		6DC0DE002E09000000B5D7A1 /* CinemetaClient.swift */ = {isa = PBXFileReference; fileEncoding = 4; lastKnownFileType = sourcecode.swift; path = CinemetaClient.swift; sourceTree = "<group>"; };
		6DC0DE022E09000000B5D7A1 /* CatalogItemCollectionActions.swift */ = {isa = PBXFileReference; fileEncoding = 4; lastKnownFileType = sourcecode.swift; path = CatalogItemCollectionActions.swift; sourceTree = "<group>"; };
		6DC0DE042E09000000B5D7A1 /* InfoViewModel.swift */ = {isa = PBXFileReference; fileEncoding = 4; lastKnownFileType = sourcecode.swift; path = InfoViewModel.swift; sourceTree = "<group>"; };
		6DC0DE062E09000000B5D7A1 /* PlayerMediaTrack.swift */ = {isa = PBXFileReference; fileEncoding = 4; lastKnownFileType = sourcecode.swift; path = PlayerMediaTrack.swift; sourceTree = "<group>"; };
		6DC0DE082E09000000B5D7A1 /* MPVPlaybackController.swift */ = {isa = PBXFileReference; fileEncoding = 4; lastKnownFileType = sourcecode.swift; path = MPVPlaybackController.swift; sourceTree = "<group>"; };
		6DC0DE0A2E09000000B5D7A1 /* StreamSourceResolver.swift */ = {isa = PBXFileReference; fileEncoding = 4; lastKnownFileType = sourcecode.swift; path = StreamSourceResolver.swift; sourceTree = "<group>"; };
		6DC0DE0C2E09000000B5D7A1 /* ExternalSubtitleResolver.swift */ = {isa = PBXFileReference; fileEncoding = 4; lastKnownFileType = sourcecode.swift; path = ExternalSubtitleResolver.swift; sourceTree = "<group>"; };
		6DF00D012E0A00000B5D7A1 /* StreamPlayerEpisodeSidebar.swift */ = {isa = PBXFileReference; fileEncoding = 4; lastKnownFileType = sourcecode.swift; path = StreamPlayerEpisodeSidebar.swift; sourceTree = "<group>"; };
		6DF00D032E0A00000B5D7A1 /* StreamPlayerEpisodeSidebarRows.swift */ = {isa = PBXFileReference; fileEncoding = 4; lastKnownFileType = sourcecode.swift; path = StreamPlayerEpisodeSidebarRows.swift; sourceTree = "<group>"; };
/* End PBXFileReference section */

/* Begin PBXFrameworksBuildPhase section */
		6D9055122DCE3D480023DEAE /* Frameworks */ = {
			isa = PBXFrameworksBuildPhase;
			buildActionMask = 2147483647;
			files = (
			);
			runOnlyForDeploymentPostprocessing = 0;
		};
/* End PBXFrameworksBuildPhase section */

/* Begin PBXGroup section */
		6D1AD92F2E03D33A00BFF0DE /* Support */ = {
			isa = PBXGroup;
			children = (
				6D1AD92D2E03D33A00BFF0DE /* MPVOpenGLBridge.c */,
				6D1AD9312E15B00000BFF0DE /* InteractivePopGestureEnabler.swift */,
			);
			path = Support;
			sourceTree = "<group>";
		};
		6D2872042E034A0400B5D7A1 /* Stores */ = {
			isa = PBXGroup;
			children = (
				6D2872002E034A0000B5D7A1 /* LocalAddonStore.swift */,
				6D28720A2E05A00000B5D7A1 /* CollectionStore.swift */,
				6DAA20082E04000000B5D7A1 /* CinemetaCatalogStore.swift */,
				6D28720C2E08100000B5D7A1 /* EpisodeWatchStore.swift */,
				6DAA20032E04000000B5D7A1 /* HomeCatalogStore.swift */,
				6DC0DE042E09000000B5D7A1 /* InfoViewModel.swift */,
				6D28720E2E08100100B5D7A1 /* PlaybackProgressStore.swift */,
				6DAA200D2E04000000B5D7A1 /* StreamPlaybackStore.swift */,
				6D2872082E034A0300B5D7A1 /* SubtitlePreferencesStore.swift */,
			);
			path = Stores;
			sourceTree = "<group>";
		};
		6D2872052E034A0500B5D7A1 /* Services */ = {
			isa = PBXGroup;
			children = (
				6DC0DE022E09000000B5D7A1 /* CatalogItemCollectionActions.swift */,
				6DC0DE002E09000000B5D7A1 /* CinemetaClient.swift */,
				6DC0DE0C2E09000000B5D7A1 /* ExternalSubtitleResolver.swift */,
				6D77A0012E16000000B5D7A1 /* NativePlaybackCompatibility.swift */,
				6DC0DE082E09000000B5D7A1 /* MPVPlaybackController.swift */,
				6DAA20142E04000000B5D7A1 /* NativePlayerTrackResolver.swift */,
				6D2872022E034A0100B5D7A1 /* StremioStreamClient.swift */,
				6D2872062E034A0200B5D7A1 /* StremioSubtitleClient.swift */,
				6DAA200E2E04000000B5D7A1 /* StreamPlaybackObserver.swift */,
				6DC0DE0A2E09000000B5D7A1 /* StreamSourceResolver.swift */,
			);
			path = Services;
			sourceTree = "<group>";
		};
		6D5648182DD1102D003D7144 /* Features */ = {
			isa = PBXGroup;
			children = (
				6DAA20012E04000000B5D7A1 /* AddonsView.swift */,
				6DAA20042E04000000B5D7A1 /* CinemetaCatalogView.swift */,
				6D938E882DD4C3240048DEB4 /* CollectionDetailView.swift */,
				6DAA20022E04000000B5D7A1 /* HomeView.swift */,
				6DBEEF012E04A00000B5D7A1 /* ProfileSelectionView.swift */,
				6D5648142DD105F8003D7144 /* SeriesView.swift */,
				6D5648132DD105F8003D7144 /* MoviesView.swift */,
				6D5648102DD0F57D003D7144 /* CollectionsView.swift */,
				6D56480F2DD0F57D003D7144 /* SearchView.swift */,
			);
			path = Features;
			sourceTree = "<group>";
		};
		6D5648192DD11034003D7144 /* Components */ = {
			isa = PBXGroup;
			children = (
				6DAA20052E04000000B5D7A1 /* CatalogFilterButton.swift */,
				6DAA20182E04000000B5D7A1 /* CatalogItemContextMenu.swift */,
				6DAA20062E04000000B5D7A1 /* CatalogPosterCard.swift */,
				6D1AD9282DD7BAD200BFF0DE /* InfoView.swift */,
				6DAA20092E04000000B5D7A1 /* DetailUnavailableView.swift */,
				6DAA200A2E04000000B5D7A1 /* EpisodeRow.swift */,
				6DAA20132E04000000B5D7A1 /* InfoHeroView.swift */,
				6DAA20112E04000000B5D7A1 /* NativePlayerView.swift */,
				6DAA201A2E10000000B5D7A1 /* PlayerFlatSlider.swift */,
				6DAA201B2E10000000B5D7A1 /* PlayerIconButton.swift */,
				6DAA201C2E10000000B5D7A1 /* PlayerTrackMenu.swift */,
				6DAA20122E04000000B5D7A1 /* PlaybackKeyboardShortcutView.swift */,
				6DAA200B2E04000000B5D7A1 /* SeasonButton.swift */,
				6DAA20172E04000000B5D7A1 /* SourceFilterPicker.swift */,
				6DAA200C2E04000000B5D7A1 /* SourceRow.swift */,
				6DAA20102E04000000B5D7A1 /* StreamPlayerChrome.swift */,
				6DAA20152E04000000B5D7A1 /* StreamPlayerChromeVisibilityController.swift */,
				6DF00D012E0A00000B5D7A1 /* StreamPlayerEpisodeSidebar.swift */,
				6DF00D032E0A00000B5D7A1 /* StreamPlayerEpisodeSidebarRows.swift */,
				6DAA20162E04000000B5D7A1 /* StreamPlayerKeyboardControls.swift */,
				6DAA20192E10000000B5D7A1 /* StreamPlayerNextEpisodeBanner.swift */,
				6DAA200F2E04000000B5D7A1 /* StreamPlayerView.swift */,
				6D1AD92A2E03A9A100BFF0DE /* MPVPlayerView.swift */,
				6D90552F2DCE548B0023DEAE /* FeaturedCarousel.swift */,
				6D9055312DCE56650023DEAE /* CatalogSection.swift */,
				6D9055292DCE3FCF0023DEAE /* CatalogCardView.swift */,
			);
			path = Components;
			sourceTree = "<group>";
		};
		6D56481A2DD1103C003D7144 /* Models */ = {
			isa = PBXGroup;
			children = (
				6D9055282DCE3FCF0023DEAE /* CatalogItem.swift */,
				6D9055272DCE3FCF0023DEAE /* CatalogData.swift */,
				6DAA20072E04000000B5D7A1 /* CinemetaCatalogPresets.swift */,
				6DC0DE062E09000000B5D7A1 /* PlayerMediaTrack.swift */,
			);
			path = Models;
			sourceTree = "<group>";
		};
		6D90550C2DCE3D480023DEAE = {
			isa = PBXGroup;
			children = (
				6D9055172DCE3D490023DEAE /* orzen */,
				6D9055162DCE3D490023DEAE /* Products */,
			);
			sourceTree = "<group>";
		};
		6D9055162DCE3D490023DEAE /* Products */ = {
			isa = PBXGroup;
			children = (
				6D9055152DCE3D490023DEAE /* Orzen.app */,
			);
			name = Products;
			sourceTree = "<group>";
		};
		6D9055172DCE3D490023DEAE /* orzen */ = {
			isa = PBXGroup;
			children = (
				6D56481A2DD1103C003D7144 /* Models */,
				6D2872042E034A0400B5D7A1 /* Stores */,
				6D2872052E034A0500B5D7A1 /* Services */,
				6D5648192DD11034003D7144 /* Components */,
				6D5648182DD1102D003D7144 /* Features */,
				6D1AD92F2E03D33A00BFF0DE /* Support */,
				6D9055182DCE3D490023DEAE /* OrzenApp.swift */,
				6D341C2E2DD0782E0072A85D /* Sidebar.swift */,
				6D90551A2DCE3D490023DEAE /* ContentView.swift */,
				6D9055392E1450010023DEAE /* iPhoneRootShell.swift */,
				6D90551C2DCE3D4D0023DEAE /* Assets.xcassets */,
				6D9055212DCE3D4D0023DEAE /* Orzen.entitlements */,
				6D1AD92C2E03D33A00BFF0DE /* Orzen-Bridging-Header.h */,
				6D90551E2DCE3D4D0023DEAE /* Preview Content */,
			);
			path = orzen;
			sourceTree = "<group>";
		};
		6D90551E2DCE3D4D0023DEAE /* Preview Content */ = {
			isa = PBXGroup;
			children = (
				6D90551F2DCE3D4D0023DEAE /* Preview Assets.xcassets */,
			);
			path = "Preview Content";
			sourceTree = "<group>";
		};
/* End PBXGroup section */

/* Begin PBXNativeTarget section */
		6D9055142DCE3D480023DEAE /* Orzen */ = {
			isa = PBXNativeTarget;
			buildConfigurationList = 6D9055242DCE3D4D0023DEAE /* Build configuration list for PBXNativeTarget "Orzen" */;
			buildPhases = (
				6D9055112DCE3D480023DEAE /* Sources */,
				6D9055122DCE3D480023DEAE /* Frameworks */,
				6D9055132DCE3D480023DEAE /* Resources */,
			);
			buildRules = (
			);
			dependencies = (
			);
			name = Orzen;
			productName = Orzen;
			productReference = 6D9055152DCE3D490023DEAE /* Orzen.app */;
			productType = "com.apple.product-type.application";
		};
/* End PBXNativeTarget section */

/* Begin PBXProject section */
		6D90550D2DCE3D480023DEAE /* Project object */ = {
			isa = PBXProject;
			attributes = {
				BuildIndependentTargetsInParallel = 1;
				LastSwiftUpdateCheck = 1520;
				LastUpgradeCheck = 1520;
				TargetAttributes = {
					6D9055142DCE3D480023DEAE = {
						CreatedOnToolsVersion = 15.2;
					};
				};
			};
			buildConfigurationList = 6D9055102DCE3D480023DEAE /* Build configuration list for PBXProject "Orzen" */;
			compatibilityVersion = "Xcode 14.0";
			developmentRegion = en;
			hasScannedForEncodings = 0;
			knownRegions = (
				en,
				Base,
			);
			mainGroup = 6D90550C2DCE3D480023DEAE;
			productRefGroup = 6D9055162DCE3D490023DEAE /* Products */;
			projectDirPath = "";
			projectRoot = "";
			targets = (
				6D9055142DCE3D480023DEAE /* Orzen */,
			);
		};
/* End PBXProject section */

/* Begin PBXResourcesBuildPhase section */
		6D9055132DCE3D480023DEAE /* Resources */ = {
			isa = PBXResourcesBuildPhase;
			buildActionMask = 2147483647;
			files = (
				6D9055202DCE3D4D0023DEAE /* Preview Assets.xcassets in Resources */,
				6D90551D2DCE3D4D0023DEAE /* Assets.xcassets in Resources */,
			);
			runOnlyForDeploymentPostprocessing = 0;
		};
/* End PBXResourcesBuildPhase section */

/* Begin PBXSourcesBuildPhase section */
		6D9055112DCE3D480023DEAE /* Sources */ = {
			isa = PBXSourcesBuildPhase;
			buildActionMask = 2147483647;
			files = (
				6DAA10012E04000000B5D7A1 /* AddonsView.swift in Sources */,
				6D5648112DD0F57D003D7144 /* SearchView.swift in Sources */,
				6DAA10082E04000000B5D7A1 /* CinemetaCatalogStore.swift in Sources */,
				6DC0DE012E09000000B5D7A1 /* CinemetaClient.swift in Sources */,
				6DC0DE032E09000000B5D7A1 /* CatalogItemCollectionActions.swift in Sources */,
				6D5648152DD105F8003D7144 /* MoviesView.swift in Sources */,
				6D2872032E034A0100B5D7A1 /* StremioStreamClient.swift in Sources */,
				6D2872072E034A0200B5D7A1 /* StremioSubtitleClient.swift in Sources */,
				6D2872092E034A0300B5D7A1 /* SubtitlePreferencesStore.swift in Sources */,
				6D28720B2E05A00000B5D7A1 /* CollectionStore.swift in Sources */,
				6D28720D2E08100000B5D7A1 /* EpisodeWatchStore.swift in Sources */,
				6D28720F2E08100100B5D7A1 /* PlaybackProgressStore.swift in Sources */,
				6DC0DE052E09000000B5D7A1 /* InfoViewModel.swift in Sources */,
				6DAA100F2E04000000B5D7A1 /* StreamPlayerView.swift in Sources */,
				6D90552B2DCE3FCF0023DEAE /* CatalogItem.swift in Sources */,
				6DC0DE072E09000000B5D7A1 /* PlayerMediaTrack.swift in Sources */,
				6D938E892DD4C3240048DEB4 /* CollectionDetailView.swift in Sources */,
				6DAA100A2E04000000B5D7A1 /* EpisodeRow.swift in Sources */,
				6D90551B2DCE3D490023DEAE /* ContentView.swift in Sources */,
				6D90553A2E1450010023DEAE /* iPhoneRootShell.swift in Sources */,
				6D77A0022E16000000B5D7A1 /* NativePlaybackCompatibility.swift in Sources */,
				6DAA10052E04000000B5D7A1 /* CatalogFilterButton.swift in Sources */,
				6D341C2F2DD0782E0072A85D /* Sidebar.swift in Sources */,
				6DAA10112E04000000B5D7A1 /* NativePlayerView.swift in Sources */,
				6DAA10132E04000000B5D7A1 /* InfoHeroView.swift in Sources */,
				6D1AD9292DD7BAD200BFF0DE /* InfoView.swift in Sources */,
				6DAA10172E04000000B5D7A1 /* SourceFilterPicker.swift in Sources */,
				6DAA100C2E04000000B5D7A1 /* SourceRow.swift in Sources */,
				6D1AD92B2E03A9A100BFF0DE /* MPVPlayerView.swift in Sources */,
				6DC0DE092E09000000B5D7A1 /* MPVPlaybackController.swift in Sources */,
				6DAA10122E04000000B5D7A1 /* PlaybackKeyboardShortcutView.swift in Sources */,
				6D1AD92E2E03D33A00BFF0DE /* MPVOpenGLBridge.c in Sources */,
				6D1AD9322E15B00000BFF0DE /* InteractivePopGestureEnabler.swift in Sources */,
				6DAA100D2E04000000B5D7A1 /* StreamPlaybackStore.swift in Sources */,
				6D9055192DCE3D490023DEAE /* OrzenApp.swift in Sources */,
				6DAA10072E04000000B5D7A1 /* CinemetaCatalogPresets.swift in Sources */,
				6DBEEF022E04A00000B5D7A1 /* ProfileSelectionView.swift in Sources */,
				6D90552C2DCE3FCF0023DEAE /* CatalogCardView.swift in Sources */,
				6D9055322DCE56660023DEAE /* CatalogSection.swift in Sources */,
				6DAA10022E04000000B5D7A1 /* HomeView.swift in Sources */,
				6D9055302DCE548B0023DEAE /* FeaturedCarousel.swift in Sources */,
				6DAA10032E04000000B5D7A1 /* HomeCatalogStore.swift in Sources */,
				6D2872012E034A0000B5D7A1 /* LocalAddonStore.swift in Sources */,
				6DAA10182E04000000B5D7A1 /* CatalogItemContextMenu.swift in Sources */,
				6DAA10062E04000000B5D7A1 /* CatalogPosterCard.swift in Sources */,
				6D5648122DD0F57D003D7144 /* CollectionsView.swift in Sources */,
				6DAA10092E04000000B5D7A1 /* DetailUnavailableView.swift in Sources */,
				6D90552A2DCE3FCF0023DEAE /* CatalogData.swift in Sources */,
				6DAA10102E04000000B5D7A1 /* StreamPlayerChrome.swift in Sources */,
				6DAA101A2E10000000B5D7A1 /* PlayerFlatSlider.swift in Sources */,
				6DAA101B2E10000000B5D7A1 /* PlayerIconButton.swift in Sources */,
				6DAA101C2E10000000B5D7A1 /* PlayerTrackMenu.swift in Sources */,
				6DAA10152E04000000B5D7A1 /* StreamPlayerChromeVisibilityController.swift in Sources */,
				6DAA10192E10000000B5D7A1 /* StreamPlayerNextEpisodeBanner.swift in Sources */,
				6DF00D022E0A00000B5D7A1 /* StreamPlayerEpisodeSidebar.swift in Sources */,
				6DF00D042E0A00000B5D7A1 /* StreamPlayerEpisodeSidebarRows.swift in Sources */,
				6DAA10162E04000000B5D7A1 /* StreamPlayerKeyboardControls.swift in Sources */,
				6DAA100E2E04000000B5D7A1 /* StreamPlaybackObserver.swift in Sources */,
				6DC0DE0D2E09000000B5D7A1 /* ExternalSubtitleResolver.swift in Sources */,
				6DC0DE0B2E09000000B5D7A1 /* StreamSourceResolver.swift in Sources */,
				6DAA10142E04000000B5D7A1 /* NativePlayerTrackResolver.swift in Sources */,
				6DAA10042E04000000B5D7A1 /* CinemetaCatalogView.swift in Sources */,
				6DAA100B2E04000000B5D7A1 /* SeasonButton.swift in Sources */,
				6D5648162DD105F8003D7144 /* SeriesView.swift in Sources */,
			);
			runOnlyForDeploymentPostprocessing = 0;
		};
/* End PBXSourcesBuildPhase section */

/* Begin XCBuildConfiguration section */
		6D9055222DCE3D4D0023DEAE /* Debug */ = {
			isa = XCBuildConfiguration;
			buildSettings = {
				ALWAYS_SEARCH_USER_PATHS = NO;
				ASSETCATALOG_COMPILER_GENERATE_SWIFT_ASSET_SYMBOL_EXTENSIONS = YES;
				CLANG_ANALYZER_NONNULL = YES;
				CLANG_ANALYZER_NUMBER_OBJECT_CONVERSION = YES_AGGRESSIVE;
				CLANG_CXX_LANGUAGE_STANDARD = "gnu++20";
				CLANG_ENABLE_MODULES = YES;
				CLANG_ENABLE_OBJC_ARC = YES;
				CLANG_ENABLE_OBJC_WEAK = YES;
				CLANG_WARN_BLOCK_CAPTURE_AUTORELEASING = YES;
				CLANG_WARN_BOOL_CONVERSION = YES;
				CLANG_WARN_COMMA = YES;
				CLANG_WARN_CONSTANT_CONVERSION = YES;
				CLANG_WARN_DEPRECATED_OBJC_IMPLEMENTATIONS = YES;
				CLANG_WARN_DIRECT_OBJC_ISA_USAGE = YES_ERROR;
				CLANG_WARN_DOCUMENTATION_COMMENTS = YES;
				CLANG_WARN_EMPTY_BODY = YES;
				CLANG_WARN_ENUM_CONVERSION = YES;
				CLANG_WARN_INFINITE_RECURSION = YES;
				CLANG_WARN_INT_CONVERSION = YES;
				CLANG_WARN_NON_LITERAL_NULL_CONVERSION = YES;
				CLANG_WARN_OBJC_IMPLICIT_RETAIN_SELF = YES;
				CLANG_WARN_OBJC_LITERAL_CONVERSION = YES;
				CLANG_WARN_OBJC_ROOT_CLASS = YES_ERROR;
				CLANG_WARN_QUOTED_INCLUDE_IN_FRAMEWORK_HEADER = YES;
				CLANG_WARN_RANGE_LOOP_ANALYSIS = YES;
				CLANG_WARN_STRICT_PROTOTYPES = YES;
				CLANG_WARN_SUSPICIOUS_MOVE = YES;
				CLANG_WARN_UNGUARDED_AVAILABILITY = YES_AGGRESSIVE;
				CLANG_WARN_UNREACHABLE_CODE = YES;
				CLANG_WARN__DUPLICATE_METHOD_MATCH = YES;
				COPY_PHASE_STRIP = NO;
				DEBUG_INFORMATION_FORMAT = dwarf;
				ENABLE_STRICT_OBJC_MSGSEND = YES;
				ENABLE_TESTABILITY = YES;
				ENABLE_USER_SCRIPT_SANDBOXING = YES;
				GCC_C_LANGUAGE_STANDARD = gnu17;
				GCC_DYNAMIC_NO_PIC = NO;
				GCC_NO_COMMON_BLOCKS = YES;
				GCC_OPTIMIZATION_LEVEL = 0;
				GCC_PREPROCESSOR_DEFINITIONS = (
					"DEBUG=1",
					"$(inherited)",
				);
				GCC_WARN_64_TO_32_BIT_CONVERSION = YES;
				GCC_WARN_ABOUT_RETURN_TYPE = YES_ERROR;
				GCC_WARN_UNDECLARED_SELECTOR = YES;
				GCC_WARN_UNINITIALIZED_AUTOS = YES_AGGRESSIVE;
				GCC_WARN_UNUSED_FUNCTION = YES;
				GCC_WARN_UNUSED_VARIABLE = YES;
				LOCALIZATION_PREFERS_STRING_CATALOGS = YES;
				MACOSX_DEPLOYMENT_TARGET = 14.2;
				MTL_ENABLE_DEBUG_INFO = INCLUDE_SOURCE;
				MTL_FAST_MATH = YES;
				ONLY_ACTIVE_ARCH = YES;
				SDKROOT = macosx;
				SWIFT_ACTIVE_COMPILATION_CONDITIONS = "DEBUG $(inherited)";
				SWIFT_OPTIMIZATION_LEVEL = "-Onone";
			};
			name = Debug;
		};
		6D9055232DCE3D4D0023DEAE /* Release */ = {
			isa = XCBuildConfiguration;
			buildSettings = {
				ALWAYS_SEARCH_USER_PATHS = NO;
				ASSETCATALOG_COMPILER_GENERATE_SWIFT_ASSET_SYMBOL_EXTENSIONS = YES;
				CLANG_ANALYZER_NONNULL = YES;
				CLANG_ANALYZER_NUMBER_OBJECT_CONVERSION = YES_AGGRESSIVE;
				CLANG_CXX_LANGUAGE_STANDARD = "gnu++20";
				CLANG_ENABLE_MODULES = YES;
				CLANG_ENABLE_OBJC_ARC = YES;
				CLANG_ENABLE_OBJC_WEAK = YES;
				CLANG_WARN_BLOCK_CAPTURE_AUTORELEASING = YES;
				CLANG_WARN_BOOL_CONVERSION = YES;
				CLANG_WARN_COMMA = YES;
				CLANG_WARN_CONSTANT_CONVERSION = YES;
				CLANG_WARN_DEPRECATED_OBJC_IMPLEMENTATIONS = YES;
				CLANG_WARN_DIRECT_OBJC_ISA_USAGE = YES_ERROR;
				CLANG_WARN_DOCUMENTATION_COMMENTS = YES;
				CLANG_WARN_EMPTY_BODY = YES;
				CLANG_WARN_ENUM_CONVERSION = YES;
				CLANG_WARN_INFINITE_RECURSION = YES;
				CLANG_WARN_INT_CONVERSION = YES;
				CLANG_WARN_NON_LITERAL_NULL_CONVERSION = YES;
				CLANG_WARN_OBJC_IMPLICIT_RETAIN_SELF = YES;
				CLANG_WARN_OBJC_LITERAL_CONVERSION = YES;
				CLANG_WARN_OBJC_ROOT_CLASS = YES_ERROR;
				CLANG_WARN_QUOTED_INCLUDE_IN_FRAMEWORK_HEADER = YES;
				CLANG_WARN_RANGE_LOOP_ANALYSIS = YES;
				CLANG_WARN_STRICT_PROTOTYPES = YES;
				CLANG_WARN_SUSPICIOUS_MOVE = YES;
				CLANG_WARN_UNGUARDED_AVAILABILITY = YES_AGGRESSIVE;
				CLANG_WARN_UNREACHABLE_CODE = YES;
				CLANG_WARN__DUPLICATE_METHOD_MATCH = YES;
				COPY_PHASE_STRIP = NO;
				DEBUG_INFORMATION_FORMAT = "dwarf-with-dsym";
				ENABLE_NS_ASSERTIONS = NO;
				ENABLE_STRICT_OBJC_MSGSEND = YES;
				ENABLE_USER_SCRIPT_SANDBOXING = YES;
				GCC_C_LANGUAGE_STANDARD = gnu17;
				GCC_NO_COMMON_BLOCKS = YES;
				GCC_WARN_64_TO_32_BIT_CONVERSION = YES;
				GCC_WARN_ABOUT_RETURN_TYPE = YES_ERROR;
				GCC_WARN_UNDECLARED_SELECTOR = YES;
				GCC_WARN_UNINITIALIZED_AUTOS = YES_AGGRESSIVE;
				GCC_WARN_UNUSED_FUNCTION = YES;
				GCC_WARN_UNUSED_VARIABLE = YES;
				LOCALIZATION_PREFERS_STRING_CATALOGS = YES;
				MACOSX_DEPLOYMENT_TARGET = 14.2;
				MTL_ENABLE_DEBUG_INFO = NO;
				MTL_FAST_MATH = YES;
				SDKROOT = macosx;
				SWIFT_COMPILATION_MODE = wholemodule;
			};
			name = Release;
		};
		6D9055252DCE3D4D0023DEAE /* Debug */ = {
			isa = XCBuildConfiguration;
			buildSettings = {
				"ASSETCATALOG_COMPILER_APPICON_NAME[sdk=macosx*]" = AppIcon;
				"ASSETCATALOG_COMPILER_APPICON_NAME[sdk=iphone*]" = AppIcon;
				ASSETCATALOG_COMPILER_GLOBAL_ACCENT_COLOR_NAME = AccentColor;
				CODE_SIGN_ENTITLEMENTS = orzen/Orzen.entitlements;
				CODE_SIGN_STYLE = Automatic;
				COMBINE_HIDPI_IMAGES = YES;
				CURRENT_PROJECT_VERSION = 1;
				DEVELOPMENT_ASSET_PATHS = "\"orzen/Preview Content\"";
				DEVELOPMENT_TEAM = 8F48B8WMY3;
				ENABLE_HARDENED_RUNTIME = YES;
				ENABLE_PREVIEWS = YES;
				GENERATE_INFOPLIST_FILE = YES;
				"HEADER_SEARCH_PATHS[sdk=macosx*]" = (
					"$(inherited)",
					/opt/homebrew/include,
				);
				INFOPLIST_KEY_NSHumanReadableCopyright = "";
				"INFOPLIST_KEY_UILaunchScreen_Generation[sdk=iphone*]" = YES;
				"INFOPLIST_KEY_UISupportedInterfaceOrientations[sdk=iphone*]" = "UIInterfaceOrientationPortrait UIInterfaceOrientationLandscapeLeft UIInterfaceOrientationLandscapeRight";
				LD_RUNPATH_SEARCH_PATHS = (
					"$(inherited)",
					"@executable_path/../Frameworks",
				);
				"LD_RUNPATH_SEARCH_PATHS[sdk=macosx*]" = (
					"$(inherited)",
					"@executable_path/../Frameworks",
					/opt/homebrew/lib,
				);
				"LIBRARY_SEARCH_PATHS[sdk=macosx*]" = (
					"$(inherited)",
					/opt/homebrew/lib,
				);
				MARKETING_VERSION = 1.0;
				"OTHER_LDFLAGS[sdk=macosx*]" = (
					"$(inherited)",
					"-lmpv",
					"-framework",
					OpenGL,
				);
				PRODUCT_BUNDLE_IDENTIFIER = com.yerovyespitia.orzen;
				PRODUCT_NAME = "$(TARGET_NAME)";
				SUPPORTED_PLATFORMS = "iphoneos iphonesimulator macosx";
				SUPPORTS_MACCATALYST = NO;
				SWIFT_EMIT_LOC_STRINGS = YES;
				"SWIFT_OBJC_BRIDGING_HEADER[sdk=macosx*]" = "orzen/Orzen-Bridging-Header.h";
				SWIFT_VERSION = 5.0;
				TARGETED_DEVICE_FAMILY = 1;
			};
			name = Debug;
		};
		6D9055262DCE3D4D0023DEAE /* Release */ = {
			isa = XCBuildConfiguration;
			buildSettings = {
				"ASSETCATALOG_COMPILER_APPICON_NAME[sdk=macosx*]" = AppIcon;
				"ASSETCATALOG_COMPILER_APPICON_NAME[sdk=iphone*]" = AppIcon;
				ASSETCATALOG_COMPILER_GLOBAL_ACCENT_COLOR_NAME = AccentColor;
				CODE_SIGN_ENTITLEMENTS = orzen/Orzen.entitlements;
				CODE_SIGN_STYLE = Automatic;
				COMBINE_HIDPI_IMAGES = YES;
				CURRENT_PROJECT_VERSION = 1;
				DEVELOPMENT_ASSET_PATHS = "\"orzen/Preview Content\"";
				DEVELOPMENT_TEAM = 8F48B8WMY3;
				ENABLE_HARDENED_RUNTIME = YES;
				ENABLE_PREVIEWS = YES;
				GENERATE_INFOPLIST_FILE = YES;
				"HEADER_SEARCH_PATHS[sdk=macosx*]" = (
					"$(inherited)",
					/opt/homebrew/include,
				);
				INFOPLIST_KEY_NSHumanReadableCopyright = "";
				"INFOPLIST_KEY_UILaunchScreen_Generation[sdk=iphone*]" = YES;
				"INFOPLIST_KEY_UISupportedInterfaceOrientations[sdk=iphone*]" = "UIInterfaceOrientationPortrait UIInterfaceOrientationLandscapeLeft UIInterfaceOrientationLandscapeRight";
				LD_RUNPATH_SEARCH_PATHS = (
					"$(inherited)",
					"@executable_path/../Frameworks",
				);
				"LD_RUNPATH_SEARCH_PATHS[sdk=macosx*]" = (
					"$(inherited)",
					"@executable_path/../Frameworks",
					/opt/homebrew/lib,
				);
				"LIBRARY_SEARCH_PATHS[sdk=macosx*]" = (
					"$(inherited)",
					/opt/homebrew/lib,
				);
				MARKETING_VERSION = 1.0;
				"OTHER_LDFLAGS[sdk=macosx*]" = (
					"$(inherited)",
					"-lmpv",
					"-framework",
					OpenGL,
				);
				PRODUCT_BUNDLE_IDENTIFIER = com.yerovyespitia.orzen;
				PRODUCT_NAME = "$(TARGET_NAME)";
				SUPPORTED_PLATFORMS = "iphoneos iphonesimulator macosx";
				SUPPORTS_MACCATALYST = NO;
				SWIFT_EMIT_LOC_STRINGS = YES;
				"SWIFT_OBJC_BRIDGING_HEADER[sdk=macosx*]" = "orzen/Orzen-Bridging-Header.h";
				SWIFT_VERSION = 5.0;
				TARGETED_DEVICE_FAMILY = 1;
			};
			name = Release;
		};
/* End XCBuildConfiguration section */

/* Begin XCConfigurationList section */
		6D9055102DCE3D480023DEAE /* Build configuration list for PBXProject "Orzen" */ = {
			isa = XCConfigurationList;
			buildConfigurations = (
				6D9055222DCE3D4D0023DEAE /* Debug */,
				6D9055232DCE3D4D0023DEAE /* Release */,
			);
			defaultConfigurationIsVisible = 0;
			defaultConfigurationName = Release;
		};
		6D9055242DCE3D4D0023DEAE /* Build configuration list for PBXNativeTarget "Orzen" */ = {
			isa = XCConfigurationList;
			buildConfigurations = (
				6D9055252DCE3D4D0023DEAE /* Debug */,
				6D9055262DCE3D4D0023DEAE /* Release */,
			);
			defaultConfigurationIsVisible = 0;
			defaultConfigurationName = Release;
		};
/* End XCConfigurationList section */
	};
	rootObject = 6D90550D2DCE3D480023DEAE /* Project object */;
}
